// !$*UTF8*$!
{
	archiveVersion = 1;
	classes = {
	};
	objectVersion = 46;
	objects = {

/* Begin PBXBuildFile section */
		D35BA14A176BC2C500CC1BFB /* Foundation.framework in Frameworks */ = {isa = PBXBuildFile; fileRef = D35BA149176BC2C500CC1BFB /* Foundation.framework */; };
		D35BA151176BC2C500CC1BFB /* archetype.1 in CopyFiles */ = {isa = PBXBuildFile; fileRef = D35BA150176BC2C500CC1BFB /* archetype.1 */; };
		D35BA15B176BC32500CC1BFB /* main.m in Sources */ = {isa = PBXBuildFile; fileRef = D35BA15A176BC32500CC1BFB /* main.m */; };
		D35BA15E176BCA2200CC1BFB /* Git2.framework in Frameworks */ = {isa = PBXBuildFile; fileRef = D35BA15D176BCA2200CC1BFB /* Git2.framework */; };
		D35BA164176BCE6C00CC1BFB /* ARContext.m in Sources */ = {isa = PBXBuildFile; fileRef = D35BA163176BCE6C00CC1BFB /* ARContext.m */; };
		D38344FB176CF074008A8194 /* ARLog.m in Sources */ = {isa = PBXBuildFile; fileRef = D38344FA176CF074008A8194 /* ARLog.m */; };
		D38344FE176CF31A008A8194 /* ARFetcher.m in Sources */ = {isa = PBXBuildFile; fileRef = D38344FD176CF31A008A8194 /* ARFetcher.m */; };
		D3834504176CFE40008A8194 /* ARFileFetcher.m in Sources */ = {isa = PBXBuildFile; fileRef = D3834501176CFE40008A8194 /* ARFileFetcher.m */; };
		D3834505176CFE40008A8194 /* ARGitFetcher.m in Sources */ = {isa = PBXBuildFile; fileRef = D3834503176CFE40008A8194 /* ARGitFetcher.m */; };
		D3834508176CFFEE008A8194 /* ARUtility.m in Sources */ = {isa = PBXBuildFile; fileRef = D3834507176CFFEE008A8194 /* ARUtility.m */; };
/* End PBXBuildFile section */

/* Begin PBXCopyFilesBuildPhase section */
		D35BA144176BC2C500CC1BFB /* CopyFiles */ = {
			isa = PBXCopyFilesBuildPhase;
			buildActionMask = 2147483647;
			dstPath = /usr/share/man/man1/;
			dstSubfolderSpec = 0;
			files = (
				D35BA151176BC2C500CC1BFB /* archetype.1 in CopyFiles */,
			);
			runOnlyForDeploymentPostprocessing = 1;
		};
/* End PBXCopyFilesBuildPhase section */

/* Begin PBXFileReference section */
		D35BA146176BC2C500CC1BFB /* archetype */ = {isa = PBXFileReference; explicitFileType = "compiled.mach-o.executable"; includeInIndex = 0; path = archetype; sourceTree = BUILT_PRODUCTS_DIR; };
		D35BA149176BC2C500CC1BFB /* Foundation.framework */ = {isa = PBXFileReference; lastKnownFileType = wrapper.framework; name = Foundation.framework; path = System/Library/Frameworks/Foundation.framework; sourceTree = SDKROOT; };
		D35BA14F176BC2C500CC1BFB /* Archetype-Prefix.pch */ = {isa = PBXFileReference; lastKnownFileType = sourcecode.c.h; name = "Archetype-Prefix.pch"; path = "source/Archetype-Prefix.pch"; sourceTree = "<group>"; };
		D35BA150176BC2C500CC1BFB /* archetype.1 */ = {isa = PBXFileReference; lastKnownFileType = text.man; name = archetype.1; path = resources/man1/archetype.1; sourceTree = "<group>"; };
		D35BA15A176BC32500CC1BFB /* main.m */ = {isa = PBXFileReference; fileEncoding = 4; lastKnownFileType = sourcecode.c.objc; path = main.m; sourceTree = "<group>"; };
		D35BA15C176BC37E00CC1BFB /* project.xcconfig */ = {isa = PBXFileReference; lastKnownFileType = text.xcconfig; path = project.xcconfig; sourceTree = "<group>"; };
		D35BA15D176BCA2200CC1BFB /* Git2.framework */ = {isa = PBXFileReference; lastKnownFileType = wrapper.framework; name = Git2.framework; path = Archetype/library/Git2.framework; sourceTree = "<group>"; };
		D35BA162176BCE6C00CC1BFB /* ARContext.h */ = {isa = PBXFileReference; fileEncoding = 4; lastKnownFileType = sourcecode.c.h; path = ARContext.h; sourceTree = "<group>"; };
		D35BA163176BCE6C00CC1BFB /* ARContext.m */ = {isa = PBXFileReference; fileEncoding = 4; lastKnownFileType = sourcecode.c.objc; path = ARContext.m; sourceTree = "<group>"; };
		D38344F9176CF074008A8194 /* ARLog.h */ = {isa = PBXFileReference; fileEncoding = 4; lastKnownFileType = sourcecode.c.h; path = ARLog.h; sourceTree = "<group>"; };
		D38344FA176CF074008A8194 /* ARLog.m */ = {isa = PBXFileReference; fileEncoding = 4; lastKnownFileType = sourcecode.c.objc; path = ARLog.m; sourceTree = "<group>"; };
		D38344FC176CF31A008A8194 /* ARFetcher.h */ = {isa = PBXFileReference; fileEncoding = 4; lastKnownFileType = sourcecode.c.h; path = ARFetcher.h; sourceTree = "<group>"; };
		D38344FD176CF31A008A8194 /* ARFetcher.m */ = {isa = PBXFileReference; fileEncoding = 4; lastKnownFileType = sourcecode.c.objc; path = ARFetcher.m; sourceTree = "<group>"; };
		D3834500176CFE40008A8194 /* ARFileFetcher.h */ = {isa = PBXFileReference; fileEncoding = 4; lastKnownFileType = sourcecode.c.h; path = ARFileFetcher.h; sourceTree = "<group>"; };
		D3834501176CFE40008A8194 /* ARFileFetcher.m */ = {isa = PBXFileReference; fileEncoding = 4; lastKnownFileType = sourcecode.c.objc; path = ARFileFetcher.m; sourceTree = "<group>"; };
		D3834502176CFE40008A8194 /* ARGitFetcher.h */ = {isa = PBXFileReference; fileEncoding = 4; lastKnownFileType = sourcecode.c.h; path = ARGitFetcher.h; sourceTree = "<group>"; };
		D3834503176CFE40008A8194 /* ARGitFetcher.m */ = {isa = PBXFileReference; fileEncoding = 4; lastKnownFileType = sourcecode.c.objc; path = ARGitFetcher.m; sourceTree = "<group>"; };
		D3834506176CFFEE008A8194 /* ARUtility.h */ = {isa = PBXFileReference; fileEncoding = 4; lastKnownFileType = sourcecode.c.h; path = ARUtility.h; sourceTree = "<group>"; };
		D3834507176CFFEE008A8194 /* ARUtility.m */ = {isa = PBXFileReference; fileEncoding = 4; lastKnownFileType = sourcecode.c.objc; path = ARUtility.m; sourceTree = "<group>"; };
/* End PBXFileReference section */

/* Begin PBXFrameworksBuildPhase section */
		D35BA143176BC2C500CC1BFB /* Frameworks */ = {
			isa = PBXFrameworksBuildPhase;
			buildActionMask = 2147483647;
			files = (
				D35BA14A176BC2C500CC1BFB /* Foundation.framework in Frameworks */,
				D35BA15E176BCA2200CC1BFB /* Git2.framework in Frameworks */,
			);
			runOnlyForDeploymentPostprocessing = 0;
		};
/* End PBXFrameworksBuildPhase section */

/* Begin PBXGroup section */
		D35BA13D176BC2C500CC1BFB = {
			isa = PBXGroup;
			children = (
				D35BA14B176BC2C500CC1BFB /* Archetype */,
				D35BA148176BC2C500CC1BFB /* Frameworks */,
				D35BA147176BC2C500CC1BFB /* Products */,
			);
			sourceTree = "<group>";
		};
		D35BA147176BC2C500CC1BFB /* Products */ = {
			isa = PBXGroup;
			children = (
				D35BA146176BC2C500CC1BFB /* archetype */,
			);
			name = Products;
			sourceTree = "<group>";
		};
		D35BA148176BC2C500CC1BFB /* Frameworks */ = {
			isa = PBXGroup;
			children = (
				D35BA149176BC2C500CC1BFB /* Foundation.framework */,
				D35BA15D176BCA2200CC1BFB /* Git2.framework */,
			);
			name = Frameworks;
			sourceTree = "<group>";
		};
		D35BA14B176BC2C500CC1BFB /* Archetype */ = {
			isa = PBXGroup;
			children = (
				D35BA157176BC31100CC1BFB /* Source */,
				D35BA14E176BC2C500CC1BFB /* Supporting Files */,
			);
			path = Archetype;
			sourceTree = "<group>";
		};
		D35BA14E176BC2C500CC1BFB /* Supporting Files */ = {
			isa = PBXGroup;
			children = (
				D35BA150176BC2C500CC1BFB /* archetype.1 */,
				D35BA14F176BC2C500CC1BFB /* Archetype-Prefix.pch */,
				D35BA15C176BC37E00CC1BFB /* project.xcconfig */,
			);
			name = "Supporting Files";
			sourceTree = "<group>";
		};
		D35BA157176BC31100CC1BFB /* Source */ = {
			isa = PBXGroup;
			children = (
				D35BA159176BC32500CC1BFB /* archetype */,
			);
			name = Source;
			sourceTree = "<group>";
		};
		D35BA159176BC32500CC1BFB /* archetype */ = {
			isa = PBXGroup;
			children = (
				D38344FF176CFE40008A8194 /* fetcher */,
				D35BA162176BCE6C00CC1BFB /* ARContext.h */,
				D35BA163176BCE6C00CC1BFB /* ARContext.m */,
				D38344F9176CF074008A8194 /* ARLog.h */,
				D38344FA176CF074008A8194 /* ARLog.m */,
				D38344FC176CF31A008A8194 /* ARFetcher.h */,
				D38344FD176CF31A008A8194 /* ARFetcher.m */,
				D3834506176CFFEE008A8194 /* ARUtility.h */,
				D3834507176CFFEE008A8194 /* ARUtility.m */,
				D35BA15A176BC32500CC1BFB /* main.m */,
			);
			name = archetype;
			path = source/archetype;
			sourceTree = "<group>";
		};
		D38344FF176CFE40008A8194 /* fetcher */ = {
			isa = PBXGroup;
			children = (
				D3834500176CFE40008A8194 /* ARFileFetcher.h */,
				D3834501176CFE40008A8194 /* ARFileFetcher.m */,
				D3834502176CFE40008A8194 /* ARGitFetcher.h */,
				D3834503176CFE40008A8194 /* ARGitFetcher.m */,
			);
			path = fetcher;
			sourceTree = "<group>";
		};
/* End PBXGroup section */

/* Begin PBXNativeTarget section */
		D35BA145176BC2C500CC1BFB /* Archetype */ = {
			isa = PBXNativeTarget;
			buildConfigurationList = D35BA154176BC2C500CC1BFB /* Build configuration list for PBXNativeTarget "Archetype" */;
			buildPhases = (
				D35BA142176BC2C500CC1BFB /* Sources */,
				D35BA143176BC2C500CC1BFB /* Frameworks */,
				D35BA144176BC2C500CC1BFB /* CopyFiles */,
			);
			buildRules = (
			);
			dependencies = (
			);
			name = Archetype;
			productName = Archetype;
			productReference = D35BA146176BC2C500CC1BFB /* archetype */;
			productType = "com.apple.product-type.tool";
		};
/* End PBXNativeTarget section */

/* Begin PBXProject section */
		D35BA13E176BC2C500CC1BFB /* Project object */ = {
			isa = PBXProject;
			attributes = {
				LastUpgradeCheck = 0460;
				ORGANIZATIONNAME = "Brian William Wolter";
			};
			buildConfigurationList = D35BA141176BC2C500CC1BFB /* Build configuration list for PBXProject "Archetype" */;
			compatibilityVersion = "Xcode 3.2";
			developmentRegion = English;
			hasScannedForEncodings = 0;
			knownRegions = (
				en,
			);
			mainGroup = D35BA13D176BC2C500CC1BFB;
			productRefGroup = D35BA147176BC2C500CC1BFB /* Products */;
			projectDirPath = "";
			projectRoot = "";
			targets = (
				D35BA145176BC2C500CC1BFB /* Archetype */,
			);
		};
/* End PBXProject section */

/* Begin PBXSourcesBuildPhase section */
		D35BA142176BC2C500CC1BFB /* Sources */ = {
			isa = PBXSourcesBuildPhase;
			buildActionMask = 2147483647;
			files = (
				D35BA15B176BC32500CC1BFB /* main.m in Sources */,
				D35BA164176BCE6C00CC1BFB /* ARContext.m in Sources */,
				D38344FB176CF074008A8194 /* ARLog.m in Sources */,
				D38344FE176CF31A008A8194 /* ARFetcher.m in Sources */,
				D3834504176CFE40008A8194 /* ARFileFetcher.m in Sources */,
				D3834505176CFE40008A8194 /* ARGitFetcher.m in Sources */,
				D3834508176CFFEE008A8194 /* ARUtility.m in Sources */,
			);
			runOnlyForDeploymentPostprocessing = 0;
		};
/* End PBXSourcesBuildPhase section */

/* Begin XCBuildConfiguration section */
		D35BA152176BC2C500CC1BFB /* Debug */ = {
			isa = XCBuildConfiguration;
			baseConfigurationReference = D35BA15C176BC37E00CC1BFB /* project.xcconfig */;
			buildSettings = {
				ALWAYS_SEARCH_USER_PATHS = NO;
				CLANG_CXX_LANGUAGE_STANDARD = "gnu++0x";
				CLANG_CXX_LIBRARY = "libc++";
				CLANG_WARN_CONSTANT_CONVERSION = YES;
				CLANG_WARN_EMPTY_BODY = YES;
				CLANG_WARN_ENUM_CONVERSION = YES;
				CLANG_WARN_INT_CONVERSION = YES;
				CLANG_WARN__DUPLICATE_METHOD_MATCH = YES;
				COPY_PHASE_STRIP = NO;
				GCC_C_LANGUAGE_STANDARD = gnu99;
				GCC_DYNAMIC_NO_PIC = NO;
				GCC_ENABLE_OBJC_EXCEPTIONS = YES;
				GCC_OPTIMIZATION_LEVEL = 0;
				GCC_PREPROCESSOR_DEFINITIONS = (
					"DEBUG=1",
					"$(inherited)",
				);
				GCC_SYMBOLS_PRIVATE_EXTERN = NO;
				GCC_WARN_64_TO_32_BIT_CONVERSION = YES;
				GCC_WARN_ABOUT_RETURN_TYPE = YES;
				GCC_WARN_UNINITIALIZED_AUTOS = YES;
				GCC_WARN_UNUSED_VARIABLE = YES;
				MACOSX_DEPLOYMENT_TARGET = 10.7;
				ONLY_ACTIVE_ARCH = YES;
			};
			name = Debug;
		};
		D35BA153176BC2C500CC1BFB /* Release */ = {
			isa = XCBuildConfiguration;
			baseConfigurationReference = D35BA15C176BC37E00CC1BFB /* project.xcconfig */;
			buildSettings = {
				ALWAYS_SEARCH_USER_PATHS = NO;
				CLANG_CXX_LANGUAGE_STANDARD = "gnu++0x";
				CLANG_CXX_LIBRARY = "libc++";
				CLANG_WARN_CONSTANT_CONVERSION = YES;
				CLANG_WARN_EMPTY_BODY = YES;
				CLANG_WARN_ENUM_CONVERSION = YES;
				CLANG_WARN_INT_CONVERSION = YES;
				CLANG_WARN__DUPLICATE_METHOD_MATCH = YES;
				COPY_PHASE_STRIP = YES;
				DEBUG_INFORMATION_FORMAT = "dwarf-with-dsym";
				GCC_C_LANGUAGE_STANDARD = gnu99;
				GCC_ENABLE_OBJC_EXCEPTIONS = YES;
				GCC_WARN_64_TO_32_BIT_CONVERSION = YES;
				GCC_WARN_ABOUT_RETURN_TYPE = YES;
				GCC_WARN_UNINITIALIZED_AUTOS = YES;
				GCC_WARN_UNUSED_VARIABLE = YES;
				MACOSX_DEPLOYMENT_TARGET = 10.7;
			};
			name = Release;
		};
		D35BA155176BC2C500CC1BFB /* Debug */ = {
			isa = XCBuildConfiguration;
			buildSettings = {
				FRAMEWORK_SEARCH_PATHS = (
					"$(inherited)",
					"\"$(SRCROOT)/Archetype/library\"",
				);
				GCC_PRECOMPILE_PREFIX_HEADER = YES;
				GCC_PREFIX_HEADER = "Archetype/source/Archetype-Prefix.pch";
				OTHER_CFLAGS = "-D__ARCHETYPE_DEBUG__";
				PRODUCT_NAME = archetype;
			};
			name = Debug;
		};
		D35BA156176BC2C500CC1BFB /* Release */ = {
			isa = XCBuildConfiguration;
			buildSettings = {
				FRAMEWORK_SEARCH_PATHS = (
					"$(inherited)",
					"\"$(SRCROOT)/Archetype/library\"",
				);
				GCC_PRECOMPILE_PREFIX_HEADER = YES;
				GCC_PREFIX_HEADER = "Archetype/source/Archetype-Prefix.pch";
				PRODUCT_NAME = archetype;
			};
			name = Release;
		};
/* End XCBuildConfiguration section */

/* Begin XCConfigurationList section */
		D35BA141176BC2C500CC1BFB /* Build configuration list for PBXProject "Archetype" */ = {
			isa = XCConfigurationList;
			buildConfigurations = (
				D35BA152176BC2C500CC1BFB /* Debug */,
				D35BA153176BC2C500CC1BFB /* Release */,
			);
			defaultConfigurationIsVisible = 0;
			defaultConfigurationName = Release;
		};
		D35BA154176BC2C500CC1BFB /* Build configuration list for PBXNativeTarget "Archetype" */ = {
			isa = XCConfigurationList;
			buildConfigurations = (
				D35BA155176BC2C500CC1BFB /* Debug */,
				D35BA156176BC2C500CC1BFB /* Release */,
			);
			defaultConfigurationIsVisible = 0;
			defaultConfigurationName = Release;
		};
/* End XCConfigurationList section */
	};
	rootObject = D35BA13E176BC2C500CC1BFB /* Project object */;
}
